<?xml version="1.0" encoding="utf-8"?>
<Project ToolsVersion="4.0" xmlns="http://schemas.microsoft.com/developer/msbuild/2003">
  <ItemGroup>
    <Filter Include="來源檔案">
      <UniqueIdentifier>{4FC737F1-C7A5-4376-A066-2A32D752A2FF}</UniqueIdentifier>
      <Extensions>cpp;c;cc;cxx;c++;cppm;ixx;def;odl;idl;hpj;bat;asm;asmx</Extensions>
    </Filter>
    <Filter Include="標頭檔">
      <UniqueIdentifier>{93995380-89BD-4b04-88EB-625FBE52EBFB}</UniqueIdentifier>
      <Extensions>h;hh;hpp;hxx;h++;hm;inl;inc;ipp;xsd</Extensions>
    </Filter>
    <Filter Include="資源檔">
      <UniqueIdentifier>{67DA6AB6-F800-4c08-8B7A-83BB121AAD01}</UniqueIdentifier>
      <Extensions>rc;ico;cur;bmp;dlg;rc2;rct;bin;rgs;gif;jpg;jpeg;jpe;resx;tiff;tif;png;wav;mfcribbon-ms</Extensions>
    </Filter>
  </ItemGroup>
  <ItemGroup>
    <ClInclude Include="cyh\typedef.hpp">
      <Filter>標頭檔</Filter>
    </ClInclude>
    <ClInclude Include="cyh\exceptions.hpp">
      <Filter>標頭檔</Filter>
    </ClInclude>
    <ClInclude Include="cyh\task.hpp">
      <Filter>標頭檔</Filter>
    </ClInclude>
    <ClInclude Include="cyh\reference.hpp">
      <Filter>標頭檔</Filter>
    </ClInclude>
    <ClInclude Include="cyh\memory_helper.hpp">
      <Filter>標頭檔</Filter>
    </ClInclude>
    <ClInclude Include="cyh\buffer.hpp">
      <Filter>標頭檔</Filter>
    </ClInclude>
    <ClInclude Include="cyh\container\my_vec.hpp">
      <Filter>標頭檔</Filter>
    </ClInclude>
    <ClInclude Include="cyh\container\container_.hpp">
      <Filter>標頭檔</Filter>
    </ClInclude>
    <ClInclude Include="cyh\numeric.hpp">
      <Filter>標頭檔</Filter>
    </ClInclude>
    <ClInclude Include="cyh\container.hpp">
      <Filter>標頭檔</Filter>
    </ClInclude>
    <ClInclude Include="cyh\container\my_list.hpp">
      <Filter>標頭檔</Filter>
    </ClInclude>
    <ClInclude Include="cyh\container\matrix.hpp">
      <Filter>標頭檔</Filter>
    </ClInclude>
    <ClInclude Include="cyh\console.hpp">
      <Filter>標頭檔</Filter>
    </ClInclude>
    <ClInclude Include="cyh\container\size_rect.hpp">
      <Filter>標頭檔</Filter>
    </ClInclude>
    <ClInclude Include="simdutf.h">
      <Filter>標頭檔</Filter>
    </ClInclude>
    <ClInclude Include="cyh\filesys.hpp">
      <Filter>標頭檔</Filter>
    </ClInclude>
    <ClInclude Include="cyh\memory_stream.hpp">
      <Filter>標頭檔</Filter>
    </ClInclude>
    <ClInclude Include="cyh\reflection.hpp">
      <Filter>標頭檔</Filter>
    </ClInclude>
    <ClInclude Include="cyh\reflection\reflection_.hpp">
      <Filter>標頭檔</Filter>
    </ClInclude>
    <ClInclude Include="cyh\reflection\member_utils.hpp">
      <Filter>標頭檔</Filter>
    </ClInclude>
    <ClInclude Include="cyh\reflection\partial_glz.hpp">
      <Filter>標頭檔</Filter>
    </ClInclude>
    <ClInclude Include="cyh\time\time_.hpp">
      <Filter>標頭檔</Filter>
    </ClInclude>
    <ClInclude Include="cyh\time\datetime.hpp">
      <Filter>標頭檔</Filter>
    </ClInclude>
    <ClInclude Include="cyh\time.hpp">
      <Filter>標頭檔</Filter>
    </ClInclude>
    <ClInclude Include="cyh\type_detail.hpp">
      <Filter>標頭檔</Filter>
    </ClInclude>
    <ClInclude Include="cyh\graphic\image.hpp">
      <Filter>標頭檔</Filter>
    </ClInclude>
    <ClInclude Include="stb_image.h">
      <Filter>標頭檔</Filter>
    </ClInclude>
    <ClInclude Include="cyh\graphic\stb_callback.hpp">
      <Filter>標頭檔</Filter>
    </ClInclude>
    <ClInclude Include="stb_image_write.h">
      <Filter>標頭檔</Filter>
    </ClInclude>
    <ClInclude Include="cyh\graphic.hpp">
      <Filter>標頭檔</Filter>
    </ClInclude>
    <ClInclude Include="cyh\graphic\graphic_.hpp">
      <Filter>標頭檔</Filter>
    </ClInclude>
    <ClInclude Include="cyh\time\timer.hpp">
      <Filter>標頭檔</Filter>
    </ClInclude>
    <ClInclude Include="cyh\interop\c_object.hpp">
      <Filter>標頭檔</Filter>
    </ClInclude>
    <ClInclude Include="cyh\interop\interop_.hpp">
      <Filter>標頭檔</Filter>
    </ClInclude>
    <ClInclude Include="cyh\interop.hpp">
      <Filter>標頭檔</Filter>
    </ClInclude>
    <ClInclude Include="cyh\interop\dl_library.hpp">
      <Filter>標頭檔</Filter>
    </ClInclude>
    <ClInclude Include="cyh\interop\c_object_impl.hpp">
      <Filter>標頭檔</Filter>
    </ClInclude>
    <ClInclude Include="cyh\atomic_t.hpp">
      <Filter>標頭檔</Filter>
    </ClInclude>
    <ClInclude Include="cyh\text.hpp">
      <Filter>標頭檔</Filter>
    </ClInclude>
    <ClInclude Include="cyh\bstream.hpp">
      <Filter>標頭檔</Filter>
    </ClInclude>
    <ClInclude Include="cyh\misc.hpp">
      <Filter>標頭檔</Filter>
    </ClInclude>
    <ClInclude Include="cyh\table.hpp">
      <Filter>標頭檔</Filter>
    </ClInclude>
    <ClInclude Include="cyh\cloneable.hpp">
      <Filter>標頭檔</Filter>
    </ClInclude>
    <ClInclude Include="cyh\concurrency.hpp">
      <Filter>標頭檔</Filter>
    </ClInclude>
    <ClInclude Include="cyh\time\time_details.h">
      <Filter>標頭檔</Filter>
    </ClInclude>
    <ClInclude Include="cyh\time\timespan.h">
      <Filter>標頭檔</Filter>
    </ClInclude>
    <ClInclude Include="cyh\container\ndarray.hpp">
      <Filter>標頭檔</Filter>
    </ClInclude>
  </ItemGroup>
  <ItemGroup>
    <ClCompile Include="cyh\exceptions.cpp">
      <Filter>來源檔案</Filter>
    </ClCompile>
    <ClCompile Include="cyh\numeric.cpp">
      <Filter>來源檔案</Filter>
    </ClCompile>
    <ClCompile Include="simdutf.cpp">
      <Filter>來源檔案</Filter>
    </ClCompile>
    <ClCompile Include="cyh\filesys.cpp">
      <Filter>來源檔案</Filter>
    </ClCompile>
    <ClCompile Include="cyh\time\datetime.cpp">
      <Filter>來源檔案</Filter>
    </ClCompile>
    <ClCompile Include="cyh\console.cpp">
      <Filter>來源檔案</Filter>
    </ClCompile>
    <ClCompile Include="cyh\graphic\stb_callback.cpp">
      <Filter>來源檔案</Filter>
    </ClCompile>
    <ClCompile Include="cyh\graphic\image.cpp">
      <Filter>來源檔案</Filter>
    </ClCompile>
    <ClCompile Include="cyh\container\matrix.cpp">
      <Filter>來源檔案</Filter>
    </ClCompile>
    <ClCompile Include="cyh\time\timer.cpp">
      <Filter>來源檔案</Filter>
    </ClCompile>
    <ClCompile Include="cyh\interop\dl_library.cpp">
      <Filter>來源檔案</Filter>
    </ClCompile>
    <ClCompile Include="cyh\interop\c_object.cpp">
      <Filter>來源檔案</Filter>
    </ClCompile>
    <ClCompile Include="cyh\task.cpp">
      <Filter>來源檔案</Filter>
    </ClCompile>
    <ClCompile Include="cyh\memory_helper.cpp">
      <Filter>來源檔案</Filter>
    </ClCompile>
    <ClCompile Include="cyh\text.cpp">
      <Filter>來源檔案</Filter>
    </ClCompile>
    <ClCompile Include="cyh\memory_stream.cpp">
      <Filter>來源檔案</Filter>
    </ClCompile>
    <ClCompile Include="cyh\buffer.cpp">
      <Filter>來源檔案</Filter>
    </ClCompile>
    <ClCompile Include="cyh\time\timespan.cpp">
      <Filter>來源檔案</Filter>
    </ClCompile>
    <ClCompile Include="cyh\time\time_details.cpp">
      <Filter>來源檔案</Filter>
    </ClCompile>
    <ClCompile Include="cyh\container\ndarray.cpp">
      <Filter>來源檔案</Filter>
    </ClCompile>
  </ItemGroup>
  <ItemGroup>
    <Natvis Include="CoreLib.natvis" />
  </ItemGroup>
  <ItemGroup>
    <Text Include="CMakeLists.txt" />
  </ItemGroup>
</Project>